{
    "_meta": {
        "hash": {
            "sha256": "feadce64389398f4fc11b0531ba511d2f6713f3487c939e6327984c4345b269a"
        },
        "pipfile-spec": 6,
        "requires": {
            "python_version": "3.6"
        },
        "sources": [
            {
                "name": "pypi",
                "url": "https://pypi.org/simple",
                "verify_ssl": true
            }
        ]
    },
    "default": {
        "click": {
            "hashes": [
                "sha256:2335065e6395b9e67ca716de5f7526736bfa6ceead690adf616d925bdc622b13",
                "sha256:5b94b49521f6456670fdb30cd82a4eca9412788a93fa6dd6df72c94d5a8ff2d7"
            ],
            "index": "pypi",
            "version": "==7.0"
        },
        "docopt": {
            "hashes": [
                "sha256:49b3a825280bd66b3aa83585ef59c4a8c82f2c8a522dbe754a8bc8d08c85c491"
            ],
            "version": "==0.6.2"
        },
        "googleapis-common-protos": {
            "hashes": [
                "sha256:e61b8ed5e36b976b487c6e7b15f31bb10c7a0ca7bd5c0e837f4afab64b53a0c6"
            ],
            "index": "pypi",
            "version": "==1.6.0"
        },
        "grpcio": {
            "hashes": [
                "sha256:01cb705eafba1108e2a947ba0457da4f6a1e8142c729fc61702b5fdd11009eb1",
                "sha256:0b5a79e29f167d3cd06faad6b15babbc2661066daaacf79373c3a8e67ca1fca1",
                "sha256:1097a61a0e97b3580642e6e1460a3a1f1ba1815e2a70d6057173bcc495417076",
                "sha256:13970e665a4ec4cec7d067d7d3504a0398c657d91d26c581144ad9044e429c9a",
                "sha256:1557817cea6e0b87fad2a3e20da385170efb03a313db164e8078955add2dfa1b",
                "sha256:1b0fb036a2f9dd93d9a35c57c26420eeb4b571fcb14b51cddf5b1e73ea5d882b",
                "sha256:24d9e58d08e8cd545d8a3247a18654aff0e5e60414701696a8098fbb0d792b75",
                "sha256:2c38b586163d2b91567fe5e6d9e7798f792012365adc838a64b66b22dce3f4d4",
                "sha256:2df3ab4348507de60e1cbf75196403df1b9b4c4d4dc5bd11ac4eb63c46f691c7",
                "sha256:32f70f7c90454ea568b868af2e96616743718d9233d23f62407e98caed81dfbf",
                "sha256:3af2a49d576820045c9c880ff29a5a96d020fe31b35d248519bfc6ccb8be4eac",
                "sha256:4ff7d63800a63db031ebac6a6f581ae84877c959401c24c28f2cc51fd36c47ad",
                "sha256:502aaa8be56f0ae69cda66bc27e1fb5531ceaa27ca515ec3c34f6178b1297180",
                "sha256:55358ce3ec283222e435f7dbc6603521438458f3c65f7c1cb33b8dabf56d70d8",
                "sha256:5583b01c67f85fa64a2c3fb085e5517c88b9c1500a2cce12d473cd99d0ed2e49",
                "sha256:58d9a5557d3eb7b734a3cea8b16c891099a522b3953a45a30bd4c034f75fc913",
                "sha256:5911f042c4ab177757eec5bcb4e2e9a2e823d888835d24577321bf55f02938fa",
                "sha256:5e16ea922f4e5017c04fd94e2639b1006e03097e9dd0cbb7a1c852af3ea8bf2e",
                "sha256:656e19d3f1b9050ee01b457f92838a9679d7cf84c995f708780f44484048705e",
                "sha256:6a1435449a82008c451c7e1a82a834387b9108f9a8d27910f86e7c482f5568e9",
                "sha256:6ff02ca6cbed0ddb76e93ba0f8beb6a8c77d83a84eb7cafe2ae3399a8b9d69ea",
                "sha256:76de68f60102f333bf4817f38e81ecbee68b850f5a5da9f355235e948ac40981",
                "sha256:7c6d7ddd50fc6548ea1dfe09c62509c4f95b8b40082287747be05aa8feb15ee2",
                "sha256:836b9d29507de729129e363276fe7c7d6a34c7961e0f155787025552b15d22c0",
                "sha256:869242b2baf8a888a4fe0548f86abc47cb4b48bdfd76ae62d6456e939c202e65",
                "sha256:8954b24bd08641d906ee50b2d638efc76df893fbd0913149b80484fd0eac40c9",
                "sha256:8cdea65d1abb2e698420db8daf20c8d272fbd9d96a51b26a713c1c76f237d181",
                "sha256:90161840b4fe9636f91ed0d3ea1e7e615e488cbea4e77594c889e5f3d7a776db",
                "sha256:90fb6316b4d7d36700c40db4335902b78dcae13b5466673c21fd3b08a3c1b0c6",
                "sha256:91b34f58db2611c9a93ecf751028f97fba1f06e65f49b38f272f6aa5d2977331",
                "sha256:9474944a96a33eb8734fa8dc5805403d57973a3526204a5e1c1780d02e0572b6",
                "sha256:9a36275db2a4774ac16c6822e7af816ee048071d5030b4c035fd53942b361935",
                "sha256:9cbe26e2976b994c5f7c2d35a63354674d6ca0ce62f5b513f078bf63c1745229",
                "sha256:9eaeabb3c0eecd6ddd0c16767fd12d130e2cebb8c2618f959a278b1ff336ddc3",
                "sha256:a2bc7e10ebcf4be503ae427f9887e75c0cc24e88ce467a8e6eaca6bd2862406e",
                "sha256:a5b42e6292ba51b8e67e09fc256963ba4ca9c04026de004d2fe59cc17e3c3776",
                "sha256:bd6ec1233c86c0b9bb5d03ec30dbe3ffbfa53335790320d99a7ae9018c5450f2",
                "sha256:bef57530816af54d66b1f4c70a8f851f320cb6f84d4b5a0b422b0e9811ea4e59",
                "sha256:c146a63eaadc6589b732780061f3c94cd0574388d372baccbb3c1597a9ebdb7a",
                "sha256:c2efd3b130dc639d615b6f58980e1bfd1b177ad821f30827afa5001aa30ddd48",
                "sha256:c888b18f7392e6cc79a33a803e7ebd7890ac3318f571fca6b356526f35b53b12",
                "sha256:ca30721fda297ae22f16bc37aa7ed244970ddfdcb98247570cdd26daaad4665e",
                "sha256:cf5f5340dd682ab034baa52f423a0f91326489c262ac9617fa06309ec05880e9",
                "sha256:d0726aa0d9b57c56985db5952e90fb1033a317074f2877db5307cdd6eede1564",
                "sha256:df442945b2dd6f8ae0e20b403e0fd4548cd5c2aad69200047cc3251257b78f65",
                "sha256:e08e758c31919d167c0867539bd3b2441629ef00aa595e3ea2b635273659f40a",
                "sha256:e4864339deeeaefaad34dd3a432ee618a039fca28efb292949c855e00878203c",
                "sha256:f4cd049cb94d9f517b1cab5668a3b345968beba093bc79a637e671000b3540ec"
            ],
            "index": "pypi",
            "version": "==1.24.3"
        },
        "grpcio-tools": {
            "hashes": [
                "sha256:02b527b1e05f9ad446b0b70d5c4615493a93aab3ddf9ca1495939f97a6df9de9",
                "sha256:06e92200d48e45d91ff04ebc833481c47273227df7538e3abc8917f0df57c73b",
                "sha256:107f5b81190193b5032a60c55483be3f8cbb0a0951c5ba6a1c2d2e7d6c720cd6",
                "sha256:12a9aba25bf9f7015f39cf22437a4f29974878a8e8623f33e3069e168926c752",
                "sha256:12c251d48c217502b9c092c4450d9f1bfe81c049934ad4e31de1cb71814798a4",
                "sha256:14ff158a7994f3d938593834cc2c8fd375ad8cc7768821d56353ffa02015e995",
                "sha256:177bdfecf5c3093fdc4ca7599a7065ce867ccea8e2d401378e5411d6d7c5634b",
                "sha256:1ecaa56b142bdc8548c9545def4cf3ca5e1eabda5d90bd48cd52e18368e07cc5",
                "sha256:23caa6a0268247d5644a73b5595740c78f39b0376523f0bc84b25778c34aee5a",
                "sha256:269a353037a99a03637fef1174ece25e9334bdace4b5f7a393374d439ecc7133",
                "sha256:275ad665a40622d53d1ed1ddbb8f7973c16a3569c6b5a9530876c2b2bbf5ca2b",
                "sha256:27f4750251a49227e5aa66f562a021cefe5844297b62975a9509bcbba35b7194",
                "sha256:2cb00f6d504d48b9adccbb30c181b6e9e90c891d13d85d832c841042253c11bd",
                "sha256:2ce979dc1dfce40be30c76af7f7257f85ca81d291f6eb4c943fb9ad26333183f",
                "sha256:38edeed6e516337db581a6943f7cbaf2f284ba1df80811e1667f267752be0153",
                "sha256:422407165166f48c65885ee7b251c6fe71f9475877389ae6cb88d48c539419a0",
                "sha256:4b933a26fb0c7e724a571a6e48d25f02aa1fa0acedce58ca8dd768d555c21129",
                "sha256:4f935a365ab7e9bcd2f1f4455965704f06212e2cea3e32d5b8453f9ba4852880",
                "sha256:5005776a674867072b57fbb07e4f74ef60fefbbae2c2bddb15b9f64a119cebf4",
                "sha256:559eee2e579a85981ee9461a64213e130653c3e213689e1fd8b9bf60330a58c7",
                "sha256:5efc92721a364e049ad3a174d5b20a21009fae9db04b3e5020ed0b534d9c022f",
                "sha256:63395b9216444bb1d83728d6e7bad4178da4eee667655c4e8305de13d78fd10f",
                "sha256:65433b58a592da216d01e877a4d5766a341bb32b58d384dabeb093496056b228",
                "sha256:6bb3ba89b5134e2b38749aefcf3206fce7a6c30cdcce9e14938d5d792a6c07e1",
                "sha256:7a98160c255e38b7a99cc27b2f1c925ef7d8ec4a615ad9ef67ca346372818523",
                "sha256:7fd5daecba6eb1bad14854aec933f992d84ca702e766789bc60cef6c6a3c3077",
                "sha256:8889079e97f0e08097d81201097e00b32d67324bcfd61ddd3c42734b440a1f86",
                "sha256:89426e7157ba45c1fd64e94456b50e2120f70031427c5f686af783dd9a10f258",
                "sha256:896a58626d04df9f80dc156abca582dfa7b1de3ed64b4b2f212faedff19cb9d0",
                "sha256:8b8195098afc83cca778af37fe8eebffb4d13f440ddaed8e42ecc5212912e82f",
                "sha256:8f32aaeef3f21273dd8a1d2127ceae4da9c32a3df924627500c9b15b2bec3c5e",
                "sha256:91d1455213e76dc884a6210eb3465b08a99e6861515c169ead0725e6d21f2502",
                "sha256:9a9d3ba59bddd9bf24b931f79f7e5675dec1850a3e5e3f33d408648e4489c9be",
                "sha256:9ac91409150f0e9a5f6fb6bacb022b578a52601db638bb4305fe89acdf5be46e",
                "sha256:9c22bf4b2e6c214fe44dca8976b58090ec10ee5d6f8e2856a51a05f44347cad3",
                "sha256:b1f537e528abb3be681a9735fa110b641e33b9fb83e0b61c777e1dd7df71d73e",
                "sha256:b837da888d2af02755aaa386012450a171e069c3d738e282b69a020f7551fe39",
                "sha256:bf19f2940a99a0a45218c6063c7a7fc23a696077b8c48f78496231f018f4a329",
                "sha256:bf8332d68096eac48572d783133d733f8fac2e3a5de4ef5a1bfcc47648b1fa5c",
                "sha256:c6b31d51bdeae6dfce880c1675e189ca86311f8632ebb4616bb43448a5e7ffa8",
                "sha256:d08e4870c4285ba275e7b1f509c6f92b3f1fe25a5a11268268d63d0ab96febdb",
                "sha256:de9ef57eff471e6314db7723545c84988a495755d7097ed2052b37612e6f8836",
                "sha256:e37ad8f060cfdd214395221d73262628837747ee09f44537d7ded364df91eabd",
                "sha256:e7e97bca1eeb3795594e5f16ea8c08359fdc9242e6057858b7a692dd22b10f18",
                "sha256:e96b0fbbb32ebc85e810d5bdd00b1e325f1da3fc47b668752cee8bde00749fec",
                "sha256:e9923b323ec3a58018829110faed8c43e3a0655a58312735b597e4cf8f685b99",
                "sha256:eb13439cefe14b347390271b47c5eac390fcc3bb04318c870fe1a26173fe5e3f",
                "sha256:fd4c3b38134be7b8fc6caffa42b83c7314ceb62baa8b7e1682d31969523d5014"
            ],
            "index": "pypi",
            "version": "==1.24.3"
        },
        "jedi": {
            "hashes": [
                "sha256:786b6c3d80e2f06fd77162a07fed81b8baa22dde5d62896a790a331d6ac21a27",
                "sha256:ba859c74fa3c966a22f2aeebe1b74ee27e2a462f56d3f5f7ca4a59af61bfe42e"
            ],
            "version": "==0.15.1"
        },
        "lnt": {
            "editable": true,
            "path": "."
        },
        "parso": {
            "hashes": [
                "sha256:63854233e1fadb5da97f2744b6b24346d2750b85965e7e399bec1620232797dc",
                "sha256:666b0ee4a7a1220f65d367617f2cd3ffddff3e205f3f16a0284df30e774c2a9c"
            ],
            "version": "==0.5.1"
        },
        "prompt-toolkit": {
            "hashes": [
                "sha256:7281b5199235adaef6980942840c43753e4ab20dfe41338da634fb41c194f9d8",
                "sha256:82c7f8e07d7a0411ff5367a5a8ff520f0112b9179f3e599ee8ad2ad9b943d911",
                "sha256:cc66413b1b4b17021675d9f2d15d57e640b06ddfd99bb724c73484126d22622f"
            ],
            "version": "==1.0.14"
        },
        "protobuf": {
            "hashes": [
                "sha256:125713564d8cfed7610e52444c9769b8dcb0b55e25cc7841f2290ee7bc86636f",
                "sha256:1accdb7a47e51503be64d9a57543964ba674edac103215576399d2d0e34eac77",
                "sha256:27003d12d4f68e3cbea9eb67427cab3bfddd47ff90670cb367fcd7a3a89b9657",
                "sha256:3264f3c431a631b0b31e9db2ae8c927b79fc1a7b1b06b31e8e5bcf2af91fe896",
                "sha256:3c5ab0f5c71ca5af27143e60613729e3488bb45f6d3f143dc918a20af8bab0bf",
                "sha256:45dcf8758873e3f69feab075e5f3177270739f146255225474ee0b90429adef6",
                "sha256:56a77d61a91186cc5676d8e11b36a5feb513873e4ae88d2ee5cf530d52bbcd3b",
                "sha256:5984e4947bbcef5bd849d6244aec507d31786f2dd3344139adc1489fb403b300",
                "sha256:6b0441da73796dd00821763bb4119674eaf252776beb50ae3883bed179a60b2a",
                "sha256:6f6677c5ade94d4fe75a912926d6796d5c71a2a90c2aeefe0d6f211d75c74789",
                "sha256:84a825a9418d7196e2acc48f8746cf1ee75877ed2f30433ab92a133f3eaf8fbe",
                "sha256:b842c34fe043ccf78b4a6cf1019d7b80113707d68c88842d061fa2b8fb6ddedc",
                "sha256:ca33d2f09dae149a1dcf942d2d825ebb06343b77b437198c9e2ef115cf5d5bc1",
                "sha256:db83b5c12c0cd30150bb568e6feb2435c49ce4e68fe2d7b903113f0e221e58fe",
                "sha256:f50f3b1c5c1c1334ca7ce9cad5992f098f460ffd6388a3cabad10b66c2006b09",
                "sha256:f99f127909731cafb841c52f9216e447d3e4afb99b17bebfad327a75aee206de"
            ],
            "version": "==3.10.0"
        },
        "ptpdb": {
            "hashes": [
                "sha256:013280ceb32ead4be632de690440d3e7094b56209f59b67c2a86328aa3c7f200",
                "sha256:11953dd7263f0873ddd639c45b116256e5c398daf6d98de3a63d17147cae2ffa",
                "sha256:82e4739e7d122f05a8785351705a1f9c9f0d8b6f61af8dc7c9b8ed0b5adcae2e"
            ],
            "index": "pypi",
            "version": "==0.17"
        },
        "ptpython": {
            "hashes": [
                "sha256:28684bcd65ee5b0473ee59eb6b0b93b5423f4018b7062a667d918abc5ed5bf52",
                "sha256:72ae8327faf65fbee7eecf3a133ff7865e1dbc0cfdc77c22484e0aeb15bc814d",
                "sha256:86bb8bc6b3b2e4c7d4b400867d53fd94ffc4fe029d146f7a54d4e53160479435"
            ],
            "version": "==0.33"
        },
        "pygments": {
            "hashes": [
                "sha256:71e430bc85c88a430f000ac1d9b331d2407f681d6f6aec95e8bcfbc3df5b0127",
                "sha256:881c4c157e45f30af185c1ffe8d549d48ac9127433f2c380c24b84572ad66297"
            ],
            "version": "==2.4.2"
        },
        "pyinquirer": {
            "hashes": [
                "sha256:c9a92d68d7727fbd886a7908c08fd9e9773e5dc211bf5cbf836ba90d366dee51"
            ],
            "index": "pypi",
            "version": "==1.0.3"
        },
        "regex": {
            "hashes": [
                "sha256:15454b37c5a278f46f7aa2d9339bda450c300617ca2fca6558d05d870245edc7",
                "sha256:1ad40708c255943a227e778b022c6497c129ad614bb7a2a2f916e12e8a359ee7",
                "sha256:5e00f65cc507d13ab4dfa92c1232d004fa202c1d43a32a13940ab8a5afe2fb96",
                "sha256:604dc563a02a74d70ae1f55208ddc9bfb6d9f470f6d1a5054c4bd5ae58744ab1",
                "sha256:720e34a539a76a1fedcebe4397290604cc2bdf6f81eca44adb9fb2ea071c0c69",
                "sha256:7caf47e4a9ac6ef08cabd3442cc4ca3386db141fb3c8b2a7e202d0470028e910",
                "sha256:7faf534c1841c09d8fefa60ccde7b9903c9b528853ecf41628689793290ca143",
                "sha256:b4e0406d822aa4993ac45072a584d57aa4931cf8288b5455bbf30c1d59dbad59",
                "sha256:c31eaf28c6fe75ea329add0022efeed249e37861c19681960f99bbc7db981fb2",
                "sha256:c7393597191fc2043c744db021643549061e12abe0b3ff5c429d806de7b93b66",
                "sha256:d2b302f8cdd82c8f48e9de749d1d17f85ce9a0f082880b9a4859f66b07037dc6",
                "sha256:e3d8dd0ec0ea280cf89026b0898971f5750a7bd92cb62c51af5a52abd020054a",
                "sha256:ec032cbfed59bd5a4b8eab943c310acfaaa81394e14f44454ad5c9eba4f24a74"
            ],
            "version": "==2019.11.1"
        },
        "six": {
            "hashes": [
                "sha256:1f1b7d42e254082a9db6279deae68afb421ceba6158efa6131de7b3003ee93fd",
                "sha256:30f610279e8b2578cab6db20741130331735c781b56053c59c4076da27f06b66"
            ],
            "version": "==1.13.0"
        },
        "wcwidth": {
            "hashes": [
                "sha256:3df37372226d6e63e1b1e1eda15c594bca98a22d33a23832a90998faa96bc65e",
                "sha256:f4ebe71925af7b40a864553f761ed559b43544f8f71746c2d756c7fe788ade7c"
            ],
            "version": "==0.1.7"
        }
    },
    "develop": {
        "docopt": {
            "hashes": [
                "sha256:49b3a825280bd66b3aa83585ef59c4a8c82f2c8a522dbe754a8bc8d08c85c491"
            ],
            "version": "==0.6.2"
        },
        "jedi": {
            "hashes": [
                "sha256:786b6c3d80e2f06fd77162a07fed81b8baa22dde5d62896a790a331d6ac21a27",
                "sha256:ba859c74fa3c966a22f2aeebe1b74ee27e2a462f56d3f5f7ca4a59af61bfe42e"
            ],
            "version": "==0.15.1"
        },
        "parso": {
            "hashes": [
                "sha256:63854233e1fadb5da97f2744b6b24346d2750b85965e7e399bec1620232797dc",
                "sha256:666b0ee4a7a1220f65d367617f2cd3ffddff3e205f3f16a0284df30e774c2a9c"
            ],
            "version": "==0.5.1"
        },
        "prompt-toolkit": {
            "hashes": [
                "sha256:7281b5199235adaef6980942840c43753e4ab20dfe41338da634fb41c194f9d8",
                "sha256:82c7f8e07d7a0411ff5367a5a8ff520f0112b9179f3e599ee8ad2ad9b943d911",
                "sha256:cc66413b1b4b17021675d9f2d15d57e640b06ddfd99bb724c73484126d22622f"
            ],
            "version": "==1.0.14"
        },
        "ptpython": {
            "hashes": [
                "sha256:28684bcd65ee5b0473ee59eb6b0b93b5423f4018b7062a667d918abc5ed5bf52",
                "sha256:72ae8327faf65fbee7eecf3a133ff7865e1dbc0cfdc77c22484e0aeb15bc814d",
                "sha256:86bb8bc6b3b2e4c7d4b400867d53fd94ffc4fe029d146f7a54d4e53160479435"
            ],
            "version": "==0.33"
        },
        "pygments": {
            "hashes": [
                "sha256:71e430bc85c88a430f000ac1d9b331d2407f681d6f6aec95e8bcfbc3df5b0127",
                "sha256:881c4c157e45f30af185c1ffe8d549d48ac9127433f2c380c24b84572ad66297"
            ],
            "version": "==2.4.2"
        },
        "six": {
            "hashes": [
                "sha256:1f1b7d42e254082a9db6279deae68afb421ceba6158efa6131de7b3003ee93fd",
                "sha256:30f610279e8b2578cab6db20741130331735c781b56053c59c4076da27f06b66"
            ],
            "version": "==1.13.0"
        },
        "wcwidth": {
            "hashes": [
                "sha256:3df37372226d6e63e1b1e1eda15c594bca98a22d33a23832a90998faa96bc65e",
                "sha256:f4ebe71925af7b40a864553f761ed559b43544f8f71746c2d756c7fe788ade7c"
            ],
            "version": "==0.1.7"
        }
    }
}
